{
  "nodes": {
    "flakelight": {
      "inputs": {
        "nixpkgs": [
          "nixpkgs"
        ]
      },
      "locked": {
        "lastModified": 1710764946,
        "narHash": "sha256-dovumYPH1klh6liTTWoajJddk3J8n6oBATXsb/Ru7Rw=",
        "owner": "nix-community",
        "repo": "flakelight",
        "rev": "5fe9313894ca47e6f2be95d71ff48d5740ef51b3",
        "type": "github"
      },
      "original": {
        "owner": "nix-community",
        "repo": "flakelight",
        "type": "github"
      }
    },
    "home-manager": {
      "inputs": {
        "nixpkgs": [
          "nixpkgs"
        ]
      },
      "locked": {
        "lastModified": 1710800522,
        "narHash": "sha256-RPcufupTkBtZzeyfE4kQLTnK4MObDiZbs1Xyp/AKpY0=",
        "owner": "nix-community",
        "repo": "home-manager",
        "rev": "6665da45dd03857a4ae600cf246435e6ae57407e",
        "type": "github"
      },
      "original": {
        "owner": "nix-community",
        "repo": "home-manager",
        "type": "github"
      }
    },
    "nixpkgs": {
      "locked": {
        "lastModified": 1710811854,
        "narHash": "sha256-2Y5dWrz7BP4VtxYU4K1cDcuGMHU+aMuLK4zmScDEotY=",
        "owner": "NixOS",
        "repo": "nixpkgs",
        "rev": "c8e784035b0c2a935a36e1a23c6254ed133c66d2",
        "type": "github"
      },
      "original": {
        "owner": "NixOS",
        "repo": "nixpkgs",
        "type": "github"
      }
    },
    "root": {
      "inputs": {
        "flakelight": "flakelight",
        "home-manager": "home-manager",
        "nixpkgs": "nixpkgs"
      }
    }
  },
  "root": "root",
  "version": 7
}
